
Microsoft Visual Studio Solution File, Format Version 12.00
# Visual Studio Version 16
VisualStudioVersion = 16.0.31515.178
MinimumVisualStudioVersion = 10.0.40219.1
Project("{FAE04EC0-301F-11D3-BF4B-00C04F79EFBC}") = "RelaxedSeating", "RelaxedSeating\RelaxedSeating.csproj", "{2F27A2E6-5294-4071-B8EB-BE6A067CFA5F}"
EndProject
Global
	GlobalSection(SolutionConfigurationPlatforms) = preSolution
		Debug|Any CPU = Debug|Any CPU
		Release|Any CPU = Release|Any CPU
	EndGlobalSection
	GlobalSection(ProjectConfigurationPlatforms) = postSolution
		{2F27A2E6-5294-4071-B8EB-BE6A067CFA5F}.Debug|Any CPU.ActiveCfg = Debug|Any CPU
		{2F27A2E6-5294-4071-B8EB-BE6A067CFA5F}.Debug|Any CPU.Build.0 = Debug|Any CPU
		{2F27A2E6-5294-4071-B8EB-BE6A067CFA5F}.Release|Any CPU.ActiveCfg = Release|Any CPU
		{2F27A2E6-5294-4071-B8EB-BE6A067CFA5F}.Release|Any CPU.Build.0 = Release|Any CPU
	EndGlobalSection
	GlobalSection(SolutionProperties) = preSolution
		HideSolutionNode = FALSE
	EndGlobalSection
	GlobalSection(ExtensibilityGlobals) = postSolution
		SolutionGuid = {D03AB356-7D69-497D-AF89-3069161DD16C}
	EndGlobalSection
EndGlobal
